{
  "version": 4,
  "terraform_version": "1.10.4",
  "serial": 744,
  "lineage": "81536e06-7e27-135c-9454-eb1f4ba59228",
  "outputs": {
    "Log-Analytics-Workspace": {
      "value": "N01728463-Log-Analytics-Workspace",
      "type": "string"
    },
    "Recovery-Services-Vault": {
      "value": "N01728463-Recovery-Services-Vault",
      "type": "string"
    },
    "Resource-Group": {
      "value": "N01728463-RG",
      "type": "string"
    },
    "Storage-Account": {
      "value": "n01728463storageacct",
      "type": "string"
    },
    "Subnet": {
      "value": "N01728463-SUBNET",
      "type": "string"
    },
    "Virtual-network": {
      "value": "N01728463-VNET",
      "type": "string"
    },
    "availability_set": {
      "value": "linux_avs",
      "type": "string"
    },
    "datadisk-names": {
      "value": [
        "n01728463-c-vm1-datadisk-1",
        "n01728463-c-vm2-datadisk-2",
        "n01728463-w-vm1-datadisk-3",
        "n01728463-c-vm1-datadisk-4"
      ],
      "type": [
        "tuple",
        [
          "string",
          "string",
          "string",
          "string"
        ]
      ]
    },
    "db_server_name": {
      "value": "n01728463-postgresql-server",
      "type": "string"
    },
    "lb-name": {
      "value": "Assignment-lb",
      "type": "string"
    },
    "linux_private_ip_addresses": {
      "value": [
        "10.0.0.5",
        "10.0.0.7"
      ],
      "type": [
        "tuple",
        [
          "string",
          "string"
        ]
      ]
    },
    "linux_public_ip_address": {
      "value": [
        "52.233.27.42",
        "52.233.25.31"
      ],
      "type": [
        "tuple",
        [
          "string",
          "string"
        ]
      ]
    },
    "linux_vm_fqdns": {
      "value": [
        "pip-n01728463-c-vm1--427ae2bc.canadacentral.cloudapp.azure.com",
        "pip-n01728463-c-vm2--427ae2bc.canadacentral.cloudapp.azure.com"
      ],
      "type": [
        "tuple",
        [
          "string",
          "string"
        ]
      ]
    },
    "linux_vm_hostnames": {
      "value": [
        "n01728463-c-vm1",
        "n01728463-c-vm2"
      ],
      "type": [
        "tuple",
        [
          "string",
          "string"
        ]
      ]
    },
    "windows-availability-set": {
      "value": "windows-avs",
      "type": "string"
    },
    "windows-fqdn": {
      "value": [
        "n01728463-w-vm1.canadacentral.cloudapp.azure.com"
      ],
      "type": [
        "tuple",
        [
          "string"
        ]
      ]
    },
    "windows-hostname": {
      "value": [
        "n01728463-w-vm1"
      ],
      "type": [
        "tuple",
        [
          "string"
        ]
      ]
    },
    "windows-private-ip-address": {
      "value": [
        "10.0.0.4"
      ],
      "type": [
        "tuple",
        [
          "string"
        ]
      ]
    },
    "windows-public-ip-address": {
      "value": [
        "4.205.157.200"
      ],
      "type": [
        "tuple",
        [
          "string"
        ]
      ]
    }
  },
  "resources": [
    {
      "module": "module.common-n01728463",
      "mode": "managed",
      "type": "azurerm_log_analytics_workspace",
      "name": "n01728463-log-workspace",
      "provider": "provider[\"registry.terraform.io/hashicorp/azurerm\"]",
      "instances": [
        {
          "schema_version": 3,
          "attributes": {
            "allow_resource_only_permissions": true,
            "cmk_for_query_forced": false,
            "daily_quota_gb": -1,
            "data_collection_rule_id": "",
            "id": "/subscriptions/62231228-794b-4393-8288-16fca540d706/resourceGroups/N01728463-RG/providers/Microsoft.OperationalInsights/workspaces/N01728463-Log-Analytics-Workspace",
            "identity": [],
            "immediate_data_purge_on_30_days_enabled": false,
            "internet_ingestion_enabled": true,
            "internet_query_enabled": true,
            "local_authentication_disabled": false,
            "location": "canadacentral",
            "name": "N01728463-Log-Analytics-Workspace",
            "primary_shared_key": "LTObHIuIJXQpj9BSUS9aUTcYFK9FwiDTFh0ujrWLvog8lo93xotQGFlNPKMrECWIoqzQUlImnWhPZvN069CwsA==",
            "reservation_capacity_in_gb_per_day": null,
            "resource_group_name": "N01728463-RG",
            "retention_in_days": 30,
            "secondary_shared_key": "ILxP1X8+BCNAa4yjQ/WG/z4L6SWxvXbUleU8zricXXhV6JReAmTR28qbLPHPeygdbPZLQvIQUSsubl17qClS9w==",
            "sku": "PerGB2018",
            "tags": {
              "Assignment": "CCGC 5502 Automation Assignment",
              "Environment": "Learning",
              "ExpirationDate": "2025-12-31",
              "Name": "foyzer.mondal"
            },
            "timeouts": null,
            "workspace_id": "43db884a-0037-4f05-a4b2-eb1a7f461fe7"
          },
          "sensitive_attributes": [
            [
              {
                "type": "get_attr",
                "value": "primary_shared_key"
              }
            ],
            [
              {
                "type": "get_attr",
                "value": "secondary_shared_key"
              }
            ]
          ],
          "private": "eyJlMmJmYjczMC1lY2FhLTExZTYtOGY4OC0zNDM2M2JjN2M0YzAiOnsiY3JlYXRlIjoxODAwMDAwMDAwMDAwLCJkZWxldGUiOjE4MDAwMDAwMDAwMDAsInJlYWQiOjMwMDAwMDAwMDAwMCwidXBkYXRlIjoxODAwMDAwMDAwMDAwfSwic2NoZW1hX3ZlcnNpb24iOiIzIn0=",
          "dependencies": [
            "module.rgroup-n01728463.azurerm_resource_group.rgroup-n01728463"
          ]
        }
      ]
    },
    {
      "module": "module.common-n01728463",
      "mode": "managed",
      "type": "azurerm_recovery_services_vault",
      "name": "n01728463-recovery-vault",
      "provider": "provider[\"registry.terraform.io/hashicorp/azurerm\"]",
      "instances": [
        {
          "schema_version": 0,
          "attributes": {
            "classic_vmware_replication_enabled": false,
            "cross_region_restore_enabled": false,
            "encryption": [],
            "id": "/subscriptions/62231228-794b-4393-8288-16fca540d706/resourceGroups/N01728463-RG/providers/Microsoft.RecoveryServices/vaults/N01728463-Recovery-Services-Vault",
            "identity": [],
            "immutability": "Disabled",
            "location": "canadacentral",
            "monitoring": [],
            "name": "N01728463-Recovery-Services-Vault",
            "public_network_access_enabled": true,
            "resource_group_name": "N01728463-RG",
            "sku": "Standard",
            "soft_delete_enabled": true,
            "storage_mode_type": "GeoRedundant",
            "tags": {
              "Assignment": "CCGC 5502 Automation Assignment",
              "Environment": "Learning",
              "ExpirationDate": "2025-12-31",
              "Name": "foyzer.mondal"
            },
            "timeouts": null
          },
          "sensitive_attributes": [],
          "private": "eyJlMmJmYjczMC1lY2FhLTExZTYtOGY4OC0zNDM2M2JjN2M0YzAiOnsiY3JlYXRlIjo3MjAwMDAwMDAwMDAwLCJkZWxldGUiOjE4MDAwMDAwMDAwMDAsInJlYWQiOjMwMDAwMDAwMDAwMCwidXBkYXRlIjozNjAwMDAwMDAwMDAwfX0=",
          "dependencies": [
            "module.rgroup-n01728463.azurerm_resource_group.rgroup-n01728463"
          ]
        }
      ]
    },
    {
      "module": "module.common-n01728463",
      "mode": "managed",
      "type": "azurerm_storage_account",
      "name": "n01728463-storage-acct",
      "provider": "provider[\"registry.terraform.io/hashicorp/azurerm\"]",
      "instances": [
        {
          "schema_version": 4,
          "attributes": {
            "access_tier": "Hot",
            "account_kind": "StorageV2",
            "account_replication_type": "LRS",
            "account_tier": "Standard",
            "allow_nested_items_to_be_public": true,
            "allowed_copy_scope": "",
            "azure_files_authentication": [],
            "blob_properties": [
              {
                "change_feed_enabled": false,
                "change_feed_retention_in_days": 0,
                "container_delete_retention_policy": [],
                "cors_rule": [],
                "default_service_version": "",
                "delete_retention_policy": [],
                "last_access_time_enabled": false,
                "restore_policy": [],
                "versioning_enabled": false
              }
            ],
            "cross_tenant_replication_enabled": false,
            "custom_domain": [],
            "customer_managed_key": [],
            "default_to_oauth_authentication": false,
            "dns_endpoint_type": "Standard",
            "edge_zone": "",
            "https_traffic_only_enabled": true,
            "id": "/subscriptions/62231228-794b-4393-8288-16fca540d706/resourceGroups/N01728463-RG/providers/Microsoft.Storage/storageAccounts/n01728463storageacct",
            "identity": [],
            "immutability_policy": [],
            "infrastructure_encryption_enabled": false,
            "is_hns_enabled": false,
            "large_file_share_enabled": false,
            "local_user_enabled": true,
            "location": "canadacentral",
            "min_tls_version": "TLS1_2",
            "name": "n01728463storageacct",
            "network_rules": [],
            "nfsv3_enabled": false,
            "primary_access_key": "W6iBZehjJt4k0v0KnKUEbPRmw9s8f/GxlgicdTUdPCL8m3Syfet7zH6FJ35p1HDbzu2cyGOg9f/N+AStNAOYpQ==",
            "primary_blob_connection_string": "DefaultEndpointsProtocol=https;BlobEndpoint=https://n01728463storageacct.blob.core.windows.net/;AccountName=n01728463storageacct;AccountKey=W6iBZehjJt4k0v0KnKUEbPRmw9s8f/GxlgicdTUdPCL8m3Syfet7zH6FJ35p1HDbzu2cyGOg9f/N+AStNAOYpQ==",
            "primary_blob_endpoint": "https://n01728463storageacct.blob.core.windows.net/",
            "primary_blob_host": "n01728463storageacct.blob.core.windows.net",
            "primary_blob_internet_endpoint": "",
            "primary_blob_internet_host": "",
            "primary_blob_microsoft_endpoint": "",
            "primary_blob_microsoft_host": "",
            "primary_connection_string": "DefaultEndpointsProtocol=https;AccountName=n01728463storageacct;AccountKey=W6iBZehjJt4k0v0KnKUEbPRmw9s8f/GxlgicdTUdPCL8m3Syfet7zH6FJ35p1HDbzu2cyGOg9f/N+AStNAOYpQ==;EndpointSuffix=core.windows.net",
            "primary_dfs_endpoint": "https://n01728463storageacct.dfs.core.windows.net/",
            "primary_dfs_host": "n01728463storageacct.dfs.core.windows.net",
            "primary_dfs_internet_endpoint": "",
            "primary_dfs_internet_host": "",
            "primary_dfs_microsoft_endpoint": "",
            "primary_dfs_microsoft_host": "",
            "primary_file_endpoint": "https://n01728463storageacct.file.core.windows.net/",
            "primary_file_host": "n01728463storageacct.file.core.windows.net",
            "primary_file_internet_endpoint": "",
            "primary_file_internet_host": "",
            "primary_file_microsoft_endpoint": "",
            "primary_file_microsoft_host": "",
            "primary_location": "canadacentral",
            "primary_queue_endpoint": "https://n01728463storageacct.queue.core.windows.net/",
            "primary_queue_host": "n01728463storageacct.queue.core.windows.net",
            "primary_queue_microsoft_endpoint": "",
            "primary_queue_microsoft_host": "",
            "primary_table_endpoint": "https://n01728463storageacct.table.core.windows.net/",
            "primary_table_host": "n01728463storageacct.table.core.windows.net",
            "primary_table_microsoft_endpoint": "",
            "primary_table_microsoft_host": "",
            "primary_web_endpoint": "https://n01728463storageacct.z9.web.core.windows.net/",
            "primary_web_host": "n01728463storageacct.z9.web.core.windows.net",
            "primary_web_internet_endpoint": "",
            "primary_web_internet_host": "",
            "primary_web_microsoft_endpoint": "",
            "primary_web_microsoft_host": "",
            "public_network_access_enabled": true,
            "queue_encryption_key_type": "Service",
            "queue_properties": [
              {
                "cors_rule": [],
                "hour_metrics": [
                  {
                    "enabled": false,
                    "include_apis": false,
                    "retention_policy_days": 0,
                    "version": "1.0"
                  }
                ],
                "logging": [
                  {
                    "delete": false,
                    "read": false,
                    "retention_policy_days": 0,
                    "version": "1.0",
                    "write": false
                  }
                ],
                "minute_metrics": [
                  {
                    "enabled": false,
                    "include_apis": false,
                    "retention_policy_days": 0,
                    "version": "1.0"
                  }
                ]
              }
            ],
            "resource_group_name": "N01728463-RG",
            "routing": [],
            "sas_policy": [],
            "secondary_access_key": "UwxWmTuKzr/rklJwDx0DB1srxoDFRMTbm5hhJGds1eotlsd8LGrxnr+JZcN/Hdy/Uw3QVh+ASsoa+AStQ8EwZg==",
            "secondary_blob_connection_string": "",
            "secondary_blob_endpoint": "",
            "secondary_blob_host": "",
            "secondary_blob_internet_endpoint": "",
            "secondary_blob_internet_host": "",
            "secondary_blob_microsoft_endpoint": "",
            "secondary_blob_microsoft_host": "",
            "secondary_connection_string": "DefaultEndpointsProtocol=https;AccountName=n01728463storageacct;AccountKey=UwxWmTuKzr/rklJwDx0DB1srxoDFRMTbm5hhJGds1eotlsd8LGrxnr+JZcN/Hdy/Uw3QVh+ASsoa+AStQ8EwZg==;EndpointSuffix=core.windows.net",
            "secondary_dfs_endpoint": "",
            "secondary_dfs_host": "",
            "secondary_dfs_internet_endpoint": "",
            "secondary_dfs_internet_host": "",
            "secondary_dfs_microsoft_endpoint": "",
            "secondary_dfs_microsoft_host": "",
            "secondary_file_endpoint": "",
            "secondary_file_host": "",
            "secondary_file_internet_endpoint": "",
            "secondary_file_internet_host": "",
            "secondary_file_microsoft_endpoint": "",
            "secondary_file_microsoft_host": "",
            "secondary_location": "",
            "secondary_queue_endpoint": "",
            "secondary_queue_host": "",
            "secondary_queue_microsoft_endpoint": "",
            "secondary_queue_microsoft_host": "",
            "secondary_table_endpoint": "",
            "secondary_table_host": "",
            "secondary_table_microsoft_endpoint": "",
            "secondary_table_microsoft_host": "",
            "secondary_web_endpoint": "",
            "secondary_web_host": "",
            "secondary_web_internet_endpoint": "",
            "secondary_web_internet_host": "",
            "secondary_web_microsoft_endpoint": "",
            "secondary_web_microsoft_host": "",
            "sftp_enabled": false,
            "share_properties": [
              {
                "cors_rule": [],
                "retention_policy": [
                  {
                    "days": 7
                  }
                ],
                "smb": []
              }
            ],
            "shared_access_key_enabled": true,
            "static_website": [],
            "table_encryption_key_type": "Service",
            "tags": {
              "Assignment": "CCGC 5502 Automation Assignment",
              "Environment": "Learning",
              "ExpirationDate": "2025-12-31",
              "Name": "foyzer.mondal"
            },
            "timeouts": null
          },
          "sensitive_attributes": [
            [
              {
                "type": "get_attr",
                "value": "primary_access_key"
              }
            ],
            [
              {
                "type": "get_attr",
                "value": "secondary_blob_connection_string"
              }
            ],
            [
              {
                "type": "get_attr",
                "value": "secondary_connection_string"
              }
            ],
            [
              {
                "type": "get_attr",
                "value": "primary_connection_string"
              }
            ],
            [
              {
                "type": "get_attr",
                "value": "secondary_access_key"
              }
            ],
            [
              {
                "type": "get_attr",
                "value": "primary_blob_connection_string"
              }
            ]
          ],
          "private": "eyJlMmJmYjczMC1lY2FhLTExZTYtOGY4OC0zNDM2M2JjN2M0YzAiOnsiY3JlYXRlIjozNjAwMDAwMDAwMDAwLCJkZWxldGUiOjM2MDAwMDAwMDAwMDAsInJlYWQiOjMwMDAwMDAwMDAwMCwidXBkYXRlIjozNjAwMDAwMDAwMDAwfSwic2NoZW1hX3ZlcnNpb24iOiI0In0=",
          "dependencies": [
            "module.rgroup-n01728463.azurerm_resource_group.rgroup-n01728463"
          ]
        }
      ]
    },
    {
      "module": "module.database-n01728463",
      "mode": "managed",
      "type": "azurerm_postgresql_server",
      "name": "n01728463_db",
      "provider": "provider[\"registry.terraform.io/hashicorp/azurerm\"]",
      "instances": [
        {
          "schema_version": 1,
          "attributes": {
            "administrator_login": "admin123",
            "administrator_login_password": "Passwd123",
            "administrator_login_password_wo": null,
            "administrator_login_password_wo_version": 0,
            "auto_grow_enabled": true,
            "backup_retention_days": 7,
            "create_mode": "Default",
            "creation_source_server_id": null,
            "fqdn": "n01728463-postgresql-server.postgres.database.azure.com",
            "geo_redundant_backup_enabled": false,
            "id": "/subscriptions/62231228-794b-4393-8288-16fca540d706/resourceGroups/N01728463-RG/providers/Microsoft.DBforPostgreSQL/servers/n01728463-postgresql-server",
            "identity": [],
            "infrastructure_encryption_enabled": false,
            "location": "canadacentral",
            "name": "n01728463-postgresql-server",
            "public_network_access_enabled": true,
            "resource_group_name": "N01728463-RG",
            "restore_point_in_time": null,
            "sku_name": "B_Gen5_2",
            "ssl_enforcement_enabled": true,
            "ssl_minimal_tls_version_enforced": "TLS1_2",
            "storage_mb": 5120,
            "tags": {},
            "threat_detection_policy": [],
            "timeouts": null,
            "version": "11"
          },
          "sensitive_attributes": [
            [
              {
                "type": "get_attr",
                "value": "administrator_login_password"
              }
            ]
          ],
          "private": "eyJlMmJmYjczMC1lY2FhLTExZTYtOGY4OC0zNDM2M2JjN2M0YzAiOnsiY3JlYXRlIjozNjAwMDAwMDAwMDAwLCJkZWxldGUiOjM2MDAwMDAwMDAwMDAsInJlYWQiOjMwMDAwMDAwMDAwMCwidXBkYXRlIjozNjAwMDAwMDAwMDAwfSwic2NoZW1hX3ZlcnNpb24iOiIxIn0=",
          "dependencies": [
            "module.rgroup-n01728463.azurerm_resource_group.rgroup-n01728463"
          ]
        }
      ]
    },
    {
      "module": "module.datadisk-n01728463",
      "mode": "managed",
      "type": "azurerm_managed_disk",
      "name": "n01728463-data-disk",
      "provider": "provider[\"registry.terraform.io/hashicorp/azurerm\"]",
      "instances": [
        {
          "index_key": 0,
          "schema_version": 1,
          "attributes": {
            "create_option": "Empty",
            "disk_access_id": "",
            "disk_encryption_set_id": "",
            "disk_iops_read_only": 0,
            "disk_iops_read_write": 500,
            "disk_mbps_read_only": 0,
            "disk_mbps_read_write": 60,
            "disk_size_gb": 10,
            "edge_zone": "",
            "encryption_settings": [],
            "gallery_image_reference_id": "",
            "hyper_v_generation": "",
            "id": "/subscriptions/62231228-794b-4393-8288-16fca540d706/resourceGroups/N01728463-RG/providers/Microsoft.Compute/disks/n01728463-c-vm1-datadisk-1",
            "image_reference_id": "",
            "location": "canadacentral",
            "logical_sector_size": null,
            "max_shares": 0,
            "name": "n01728463-c-vm1-datadisk-1",
            "network_access_policy": "AllowAll",
            "on_demand_bursting_enabled": false,
            "optimized_frequent_attach_enabled": false,
            "os_type": "",
            "performance_plus_enabled": false,
            "public_network_access_enabled": true,
            "resource_group_name": "N01728463-RG",
            "secure_vm_disk_encryption_set_id": "",
            "security_type": "",
            "source_resource_id": "",
            "source_uri": "",
            "storage_account_id": "",
            "storage_account_type": "Standard_LRS",
            "tags": {
              "Assignment": "CCGC 5502 Automation Assignment",
              "Environment": "Learning",
              "ExpirationDate": "2025-12-31",
              "Name": "foyzer.mondal"
            },
            "tier": "",
            "timeouts": null,
            "trusted_launch_enabled": false,
            "upload_size_bytes": 0,
            "zone": ""
          },
          "sensitive_attributes": [],
          "private": "eyJlMmJmYjczMC1lY2FhLTExZTYtOGY4OC0zNDM2M2JjN2M0YzAiOnsiY3JlYXRlIjoxODAwMDAwMDAwMDAwLCJkZWxldGUiOjE4MDAwMDAwMDAwMDAsInJlYWQiOjMwMDAwMDAwMDAwMCwidXBkYXRlIjoxODAwMDAwMDAwMDAwfSwic2NoZW1hX3ZlcnNpb24iOiIxIn0=",
          "dependencies": [
            "module.common-n01728463.azurerm_storage_account.n01728463-storage-acct",
            "module.network-n01728463.azurerm_subnet.N01728463-SUBNET",
            "module.network-n01728463.azurerm_virtual_network.N01728463-VNET",
            "module.rgroup-n01728463.azurerm_resource_group.rgroup-n01728463",
            "module.vmlinux-n01728463.azurerm_linux_virtual_machine.vmlinux",
            "module.vmlinux-n01728463.azurerm_network_interface.linux_nic",
            "module.vmlinux-n01728463.azurerm_public_ip.linux_pip",
            "module.vmlinux-n01728463.random_id.dns_suffix",
            "module.vmwindows-n01728463.azurerm_availability_set.windows_avs",
            "module.vmwindows-n01728463.azurerm_network_interface.windows_nic",
            "module.vmwindows-n01728463.azurerm_public_ip.windows_pip",
            "module.vmwindows-n01728463.azurerm_windows_virtual_machine.vmwindows"
          ]
        },
        {
          "index_key": 1,
          "schema_version": 1,
          "attributes": {
            "create_option": "Empty",
            "disk_access_id": "",
            "disk_encryption_set_id": "",
            "disk_iops_read_only": 0,
            "disk_iops_read_write": 500,
            "disk_mbps_read_only": 0,
            "disk_mbps_read_write": 60,
            "disk_size_gb": 10,
            "edge_zone": "",
            "encryption_settings": [],
            "gallery_image_reference_id": "",
            "hyper_v_generation": "",
            "id": "/subscriptions/62231228-794b-4393-8288-16fca540d706/resourceGroups/N01728463-RG/providers/Microsoft.Compute/disks/n01728463-c-vm2-datadisk-2",
            "image_reference_id": "",
            "location": "canadacentral",
            "logical_sector_size": null,
            "max_shares": 0,
            "name": "n01728463-c-vm2-datadisk-2",
            "network_access_policy": "AllowAll",
            "on_demand_bursting_enabled": false,
            "optimized_frequent_attach_enabled": false,
            "os_type": "",
            "performance_plus_enabled": false,
            "public_network_access_enabled": true,
            "resource_group_name": "N01728463-RG",
            "secure_vm_disk_encryption_set_id": "",
            "security_type": "",
            "source_resource_id": "",
            "source_uri": "",
            "storage_account_id": "",
            "storage_account_type": "Standard_LRS",
            "tags": {
              "Assignment": "CCGC 5502 Automation Assignment",
              "Environment": "Learning",
              "ExpirationDate": "2025-12-31",
              "Name": "foyzer.mondal"
            },
            "tier": "",
            "timeouts": null,
            "trusted_launch_enabled": false,
            "upload_size_bytes": 0,
            "zone": ""
          },
          "sensitive_attributes": [],
          "private": "eyJlMmJmYjczMC1lY2FhLTExZTYtOGY4OC0zNDM2M2JjN2M0YzAiOnsiY3JlYXRlIjoxODAwMDAwMDAwMDAwLCJkZWxldGUiOjE4MDAwMDAwMDAwMDAsInJlYWQiOjMwMDAwMDAwMDAwMCwidXBkYXRlIjoxODAwMDAwMDAwMDAwfSwic2NoZW1hX3ZlcnNpb24iOiIxIn0=",
          "dependencies": [
            "module.common-n01728463.azurerm_storage_account.n01728463-storage-acct",
            "module.network-n01728463.azurerm_subnet.N01728463-SUBNET",
            "module.network-n01728463.azurerm_virtual_network.N01728463-VNET",
            "module.rgroup-n01728463.azurerm_resource_group.rgroup-n01728463",
            "module.vmlinux-n01728463.azurerm_linux_virtual_machine.vmlinux",
            "module.vmlinux-n01728463.azurerm_network_interface.linux_nic",
            "module.vmlinux-n01728463.azurerm_public_ip.linux_pip",
            "module.vmlinux-n01728463.random_id.dns_suffix",
            "module.vmwindows-n01728463.azurerm_availability_set.windows_avs",
            "module.vmwindows-n01728463.azurerm_network_interface.windows_nic",
            "module.vmwindows-n01728463.azurerm_public_ip.windows_pip",
            "module.vmwindows-n01728463.azurerm_windows_virtual_machine.vmwindows"
          ]
        }
      ]
    },
    {
      "module": "module.datadisk-n01728463",
      "mode": "managed",
      "type": "azurerm_virtual_machine_data_disk_attachment",
      "name": "n01728463-attach-linux-disk",
      "provider": "provider[\"registry.terraform.io/hashicorp/azurerm\"]",
      "instances": [
        {
          "index_key": 0,
          "schema_version": 0,
          "attributes": {
            "caching": "ReadWrite",
            "create_option": "Attach",
            "id": "/subscriptions/62231228-794b-4393-8288-16fca540d706/resourceGroups/N01728463-RG/providers/Microsoft.Compute/virtualMachines/n01728463-c-vm1/dataDisks/n01728463-c-vm1-datadisk-1",
            "lun": 0,
            "managed_disk_id": "/subscriptions/62231228-794b-4393-8288-16fca540d706/resourceGroups/N01728463-RG/providers/Microsoft.Compute/disks/n01728463-c-vm1-datadisk-1",
            "timeouts": null,
            "virtual_machine_id": "/subscriptions/62231228-794b-4393-8288-16fca540d706/resourceGroups/N01728463-RG/providers/Microsoft.Compute/virtualMachines/n01728463-c-vm1",
            "write_accelerator_enabled": false
          },
          "sensitive_attributes": [],
          "private": "eyJlMmJmYjczMC1lY2FhLTExZTYtOGY4OC0zNDM2M2JjN2M0YzAiOnsiY3JlYXRlIjoxODAwMDAwMDAwMDAwLCJkZWxldGUiOjE4MDAwMDAwMDAwMDAsInJlYWQiOjMwMDAwMDAwMDAwMCwidXBkYXRlIjoxODAwMDAwMDAwMDAwfX0=",
          "dependencies": [
            "module.common-n01728463.azurerm_storage_account.n01728463-storage-acct",
            "module.datadisk-n01728463.azurerm_managed_disk.n01728463-data-disk",
            "module.network-n01728463.azurerm_subnet.N01728463-SUBNET",
            "module.network-n01728463.azurerm_virtual_network.N01728463-VNET",
            "module.rgroup-n01728463.azurerm_resource_group.rgroup-n01728463",
            "module.vmlinux-n01728463.azurerm_linux_virtual_machine.vmlinux",
            "module.vmlinux-n01728463.azurerm_network_interface.linux_nic",
            "module.vmlinux-n01728463.azurerm_public_ip.linux_pip",
            "module.vmlinux-n01728463.random_id.dns_suffix",
            "module.vmwindows-n01728463.azurerm_availability_set.windows_avs",
            "module.vmwindows-n01728463.azurerm_network_interface.windows_nic",
            "module.vmwindows-n01728463.azurerm_public_ip.windows_pip",
            "module.vmwindows-n01728463.azurerm_windows_virtual_machine.vmwindows"
          ]
        },
        {
          "index_key": 1,
          "schema_version": 0,
          "attributes": {
            "caching": "ReadWrite",
            "create_option": "Attach",
            "id": "/subscriptions/62231228-794b-4393-8288-16fca540d706/resourceGroups/N01728463-RG/providers/Microsoft.Compute/virtualMachines/n01728463-c-vm2/dataDisks/n01728463-c-vm2-datadisk-2",
            "lun": 0,
            "managed_disk_id": "/subscriptions/62231228-794b-4393-8288-16fca540d706/resourceGroups/N01728463-RG/providers/Microsoft.Compute/disks/n01728463-c-vm2-datadisk-2",
            "timeouts": null,
            "virtual_machine_id": "/subscriptions/62231228-794b-4393-8288-16fca540d706/resourceGroups/N01728463-RG/providers/Microsoft.Compute/virtualMachines/n01728463-c-vm2",
            "write_accelerator_enabled": false
          },
          "sensitive_attributes": [],
          "private": "eyJlMmJmYjczMC1lY2FhLTExZTYtOGY4OC0zNDM2M2JjN2M0YzAiOnsiY3JlYXRlIjoxODAwMDAwMDAwMDAwLCJkZWxldGUiOjE4MDAwMDAwMDAwMDAsInJlYWQiOjMwMDAwMDAwMDAwMCwidXBkYXRlIjoxODAwMDAwMDAwMDAwfX0=",
          "dependencies": [
            "module.common-n01728463.azurerm_storage_account.n01728463-storage-acct",
            "module.datadisk-n01728463.azurerm_managed_disk.n01728463-data-disk",
            "module.network-n01728463.azurerm_subnet.N01728463-SUBNET",
            "module.network-n01728463.azurerm_virtual_network.N01728463-VNET",
            "module.rgroup-n01728463.azurerm_resource_group.rgroup-n01728463",
            "module.vmlinux-n01728463.azurerm_linux_virtual_machine.vmlinux",
            "module.vmlinux-n01728463.azurerm_network_interface.linux_nic",
            "module.vmlinux-n01728463.azurerm_public_ip.linux_pip",
            "module.vmlinux-n01728463.random_id.dns_suffix",
            "module.vmwindows-n01728463.azurerm_availability_set.windows_avs",
            "module.vmwindows-n01728463.azurerm_network_interface.windows_nic",
            "module.vmwindows-n01728463.azurerm_public_ip.windows_pip",
            "module.vmwindows-n01728463.azurerm_windows_virtual_machine.vmwindows"
          ]
        }
      ]
    },
    {
      "module": "module.loadbalancer-n01728463",
      "mode": "managed",
      "type": "azurerm_lb",
      "name": "n01728463-lb",
      "provider": "provider[\"registry.terraform.io/hashicorp/azurerm\"]",
      "instances": [
        {
          "schema_version": 0,
          "attributes": {
            "edge_zone": "",
            "frontend_ip_configuration": [
              {
                "gateway_load_balancer_frontend_ip_configuration_id": "",
                "id": "/subscriptions/62231228-794b-4393-8288-16fca540d706/resourceGroups/N01728463-RG/providers/Microsoft.Network/loadBalancers/Assignment-lb/frontendIPConfigurations/PublicIPAddress",
                "inbound_nat_rules": [],
                "load_balancer_rules": [
                  "/subscriptions/62231228-794b-4393-8288-16fca540d706/resourceGroups/N01728463-RG/providers/Microsoft.Network/loadBalancers/Assignment-lb/loadBalancingRules/LBRule"
                ],
                "name": "PublicIPAddress",
                "outbound_rules": [],
                "private_ip_address": "",
                "private_ip_address_allocation": "Dynamic",
                "private_ip_address_version": "",
                "public_ip_address_id": "/subscriptions/62231228-794b-4393-8288-16fca540d706/resourceGroups/N01728463-RG/providers/Microsoft.Network/publicIPAddresses/lb-pip",
                "public_ip_prefix_id": "",
                "subnet_id": "",
                "zones": []
              }
            ],
            "id": "/subscriptions/62231228-794b-4393-8288-16fca540d706/resourceGroups/N01728463-RG/providers/Microsoft.Network/loadBalancers/Assignment-lb",
            "location": "canadacentral",
            "name": "Assignment-lb",
            "private_ip_address": "",
            "private_ip_addresses": [],
            "resource_group_name": "N01728463-RG",
            "sku": "Standard",
            "sku_tier": "Regional",
            "tags": {},
            "timeouts": null
          },
          "sensitive_attributes": [],
          "private": "eyJlMmJmYjczMC1lY2FhLTExZTYtOGY4OC0zNDM2M2JjN2M0YzAiOnsiY3JlYXRlIjoxODAwMDAwMDAwMDAwLCJkZWxldGUiOjE4MDAwMDAwMDAwMDAsInJlYWQiOjMwMDAwMDAwMDAwMCwidXBkYXRlIjoxODAwMDAwMDAwMDAwfX0=",
          "dependencies": [
            "module.loadbalancer-n01728463.azurerm_public_ip.lb-pip",
            "module.rgroup-n01728463.azurerm_resource_group.rgroup-n01728463"
          ]
        }
      ]
    },
    {
      "module": "module.loadbalancer-n01728463",
      "mode": "managed",
      "type": "azurerm_lb_backend_address_pool",
      "name": "lb-backend-pool",
      "provider": "provider[\"registry.terraform.io/hashicorp/azurerm\"]",
      "instances": [
        {
          "schema_version": 0,
          "attributes": {
            "backend_ip_configurations": [],
            "id": "/subscriptions/62231228-794b-4393-8288-16fca540d706/resourceGroups/N01728463-RG/providers/Microsoft.Network/loadBalancers/Assignment-lb/backendAddressPools/BackEndAddressPool",
            "inbound_nat_rules": [],
            "load_balancing_rules": [
              "/subscriptions/62231228-794b-4393-8288-16fca540d706/resourceGroups/N01728463-RG/providers/Microsoft.Network/loadBalancers/Assignment-lb/loadBalancingRules/LBRule"
            ],
            "loadbalancer_id": "/subscriptions/62231228-794b-4393-8288-16fca540d706/resourceGroups/N01728463-RG/providers/Microsoft.Network/loadBalancers/Assignment-lb",
            "name": "BackEndAddressPool",
            "outbound_rules": [],
            "synchronous_mode": "",
            "timeouts": null,
            "tunnel_interface": [],
            "virtual_network_id": ""
          },
          "sensitive_attributes": [],
          "private": "eyJlMmJmYjczMC1lY2FhLTExZTYtOGY4OC0zNDM2M2JjN2M0YzAiOnsiY3JlYXRlIjoxODAwMDAwMDAwMDAwLCJkZWxldGUiOjE4MDAwMDAwMDAwMDAsInJlYWQiOjMwMDAwMDAwMDAwMCwidXBkYXRlIjoxODAwMDAwMDAwMDAwfX0=",
          "dependencies": [
            "module.loadbalancer-n01728463.azurerm_lb.n01728463-lb",
            "module.loadbalancer-n01728463.azurerm_public_ip.lb-pip",
            "module.rgroup-n01728463.azurerm_resource_group.rgroup-n01728463"
          ]
        }
      ]
    },
    {
      "module": "module.loadbalancer-n01728463",
      "mode": "managed",
      "type": "azurerm_lb_probe",
      "name": "lb-probe",
      "provider": "provider[\"registry.terraform.io/hashicorp/azurerm\"]",
      "instances": [
        {
          "schema_version": 0,
          "attributes": {
            "id": "/subscriptions/62231228-794b-4393-8288-16fca540d706/resourceGroups/N01728463-RG/providers/Microsoft.Network/loadBalancers/Assignment-lb/probes/TcpProbe",
            "interval_in_seconds": 15,
            "load_balancer_rules": [
              "/subscriptions/62231228-794b-4393-8288-16fca540d706/resourceGroups/N01728463-RG/providers/Microsoft.Network/loadBalancers/Assignment-lb/loadBalancingRules/LBRule"
            ],
            "loadbalancer_id": "/subscriptions/62231228-794b-4393-8288-16fca540d706/resourceGroups/N01728463-RG/providers/Microsoft.Network/loadBalancers/Assignment-lb",
            "name": "TcpProbe",
            "number_of_probes": 2,
            "port": 80,
            "probe_threshold": 1,
            "protocol": "Tcp",
            "request_path": "",
            "timeouts": null
          },
          "sensitive_attributes": [],
          "private": "eyJlMmJmYjczMC1lY2FhLTExZTYtOGY4OC0zNDM2M2JjN2M0YzAiOnsiY3JlYXRlIjoxODAwMDAwMDAwMDAwLCJkZWxldGUiOjE4MDAwMDAwMDAwMDAsInJlYWQiOjMwMDAwMDAwMDAwMCwidXBkYXRlIjoxODAwMDAwMDAwMDAwfX0=",
          "dependencies": [
            "module.loadbalancer-n01728463.azurerm_lb.n01728463-lb",
            "module.loadbalancer-n01728463.azurerm_public_ip.lb-pip",
            "module.rgroup-n01728463.azurerm_resource_group.rgroup-n01728463"
          ]
        }
      ]
    },
    {
      "module": "module.loadbalancer-n01728463",
      "mode": "managed",
      "type": "azurerm_lb_rule",
      "name": "lb-rule",
      "provider": "provider[\"registry.terraform.io/hashicorp/azurerm\"]",
      "instances": [
        {
          "schema_version": 0,
          "attributes": {
            "backend_address_pool_ids": [
              "/subscriptions/62231228-794b-4393-8288-16fca540d706/resourceGroups/N01728463-RG/providers/Microsoft.Network/loadBalancers/Assignment-lb/backendAddressPools/BackEndAddressPool"
            ],
            "backend_port": 80,
            "disable_outbound_snat": false,
            "enable_floating_ip": false,
            "enable_tcp_reset": false,
            "frontend_ip_configuration_id": "/subscriptions/62231228-794b-4393-8288-16fca540d706/resourceGroups/N01728463-RG/providers/Microsoft.Network/loadBalancers/Assignment-lb/frontendIPConfigurations/PublicIPAddress",
            "frontend_ip_configuration_name": "PublicIPAddress",
            "frontend_port": 80,
            "id": "/subscriptions/62231228-794b-4393-8288-16fca540d706/resourceGroups/N01728463-RG/providers/Microsoft.Network/loadBalancers/Assignment-lb/loadBalancingRules/LBRule",
            "idle_timeout_in_minutes": 4,
            "load_distribution": "Default",
            "loadbalancer_id": "/subscriptions/62231228-794b-4393-8288-16fca540d706/resourceGroups/N01728463-RG/providers/Microsoft.Network/loadBalancers/Assignment-lb",
            "name": "LBRule",
            "probe_id": "/subscriptions/62231228-794b-4393-8288-16fca540d706/resourceGroups/N01728463-RG/providers/Microsoft.Network/loadBalancers/Assignment-lb/probes/TcpProbe",
            "protocol": "Tcp",
            "timeouts": null
          },
          "sensitive_attributes": [],
          "private": "eyJlMmJmYjczMC1lY2FhLTExZTYtOGY4OC0zNDM2M2JjN2M0YzAiOnsiY3JlYXRlIjoxODAwMDAwMDAwMDAwLCJkZWxldGUiOjE4MDAwMDAwMDAwMDAsInJlYWQiOjMwMDAwMDAwMDAwMCwidXBkYXRlIjoxODAwMDAwMDAwMDAwfX0=",
          "dependencies": [
            "module.loadbalancer-n01728463.azurerm_lb.n01728463-lb",
            "module.loadbalancer-n01728463.azurerm_lb_backend_address_pool.lb-backend-pool",
            "module.loadbalancer-n01728463.azurerm_lb_probe.lb-probe",
            "module.loadbalancer-n01728463.azurerm_public_ip.lb-pip",
            "module.rgroup-n01728463.azurerm_resource_group.rgroup-n01728463"
          ]
        }
      ]
    },
    {
      "module": "module.loadbalancer-n01728463",
      "mode": "managed",
      "type": "azurerm_public_ip",
      "name": "lb-pip",
      "provider": "provider[\"registry.terraform.io/hashicorp/azurerm\"]",
      "instances": [
        {
          "schema_version": 0,
          "attributes": {
            "allocation_method": "Static",
            "ddos_protection_mode": "VirtualNetworkInherited",
            "ddos_protection_plan_id": null,
            "domain_name_label": null,
            "domain_name_label_scope": null,
            "edge_zone": "",
            "fqdn": null,
            "id": "/subscriptions/62231228-794b-4393-8288-16fca540d706/resourceGroups/N01728463-RG/providers/Microsoft.Network/publicIPAddresses/lb-pip",
            "idle_timeout_in_minutes": 4,
            "ip_address": "52.237.39.220",
            "ip_tags": {},
            "ip_version": "IPv4",
            "location": "canadacentral",
            "name": "lb-pip",
            "public_ip_prefix_id": null,
            "resource_group_name": "N01728463-RG",
            "reverse_fqdn": null,
            "sku": "Standard",
            "sku_tier": "Regional",
            "tags": {
              "Assignment": "CCGC 5502 Automation Assignment",
              "Environment": "Learning",
              "ExpirationDate": "2025-12-31",
              "Name": "foyzer.mondal"
            },
            "timeouts": null,
            "zones": []
          },
          "sensitive_attributes": [],
          "private": "eyJlMmJmYjczMC1lY2FhLTExZTYtOGY4OC0zNDM2M2JjN2M0YzAiOnsiY3JlYXRlIjoxODAwMDAwMDAwMDAwLCJkZWxldGUiOjE4MDAwMDAwMDAwMDAsInJlYWQiOjMwMDAwMDAwMDAwMCwidXBkYXRlIjoxODAwMDAwMDAwMDAwfX0=",
          "dependencies": [
            "module.rgroup-n01728463.azurerm_resource_group.rgroup-n01728463"
          ]
        }
      ]
    },
    {
      "module": "module.network-n01728463",
      "mode": "managed",
      "type": "azurerm_network_security_group",
      "name": "N01728463-NSG",
      "provider": "provider[\"registry.terraform.io/hashicorp/azurerm\"]",
      "instances": [
        {
          "schema_version": 0,
          "attributes": {
            "id": "/subscriptions/62231228-794b-4393-8288-16fca540d706/resourceGroups/N01728463-RG/providers/Microsoft.Network/networkSecurityGroups/network_nsg1",
            "location": "canadacentral",
            "name": "network_nsg1",
            "resource_group_name": "N01728463-RG",
            "security_rule": [
              {
                "access": "Allow",
                "description": "",
                "destination_address_prefix": "*",
                "destination_address_prefixes": [],
                "destination_application_security_group_ids": [],
                "destination_port_range": "22",
                "destination_port_ranges": [],
                "direction": "Inbound",
                "name": "rule1",
                "priority": 100,
                "protocol": "Tcp",
                "source_address_prefix": "*",
                "source_address_prefixes": [],
                "source_application_security_group_ids": [],
                "source_port_range": "*",
                "source_port_ranges": []
              },
              {
                "access": "Allow",
                "description": "",
                "destination_address_prefix": "*",
                "destination_address_prefixes": [],
                "destination_application_security_group_ids": [],
                "destination_port_range": "3389",
                "destination_port_ranges": [],
                "direction": "Inbound",
                "name": "rule3",
                "priority": 300,
                "protocol": "Tcp",
                "source_address_prefix": "*",
                "source_address_prefixes": [],
                "source_application_security_group_ids": [],
                "source_port_range": "*",
                "source_port_ranges": []
              },
              {
                "access": "Allow",
                "description": "",
                "destination_address_prefix": "*",
                "destination_address_prefixes": [],
                "destination_application_security_group_ids": [],
                "destination_port_range": "5985",
                "destination_port_ranges": [],
                "direction": "Inbound",
                "name": "rule4",
                "priority": 400,
                "protocol": "Tcp",
                "source_address_prefix": "*",
                "source_address_prefixes": [],
                "source_application_security_group_ids": [],
                "source_port_range": "*",
                "source_port_ranges": []
              },
              {
                "access": "Allow",
                "description": "",
                "destination_address_prefix": "*",
                "destination_address_prefixes": [],
                "destination_application_security_group_ids": [],
                "destination_port_range": "80",
                "destination_port_ranges": [],
                "direction": "Inbound",
                "name": "rule2",
                "priority": 200,
                "protocol": "Tcp",
                "source_address_prefix": "*",
                "source_address_prefixes": [],
                "source_application_security_group_ids": [],
                "source_port_range": "*",
                "source_port_ranges": []
              }
            ],
            "tags": {},
            "timeouts": null
          },
          "sensitive_attributes": [],
          "private": "eyJlMmJmYjczMC1lY2FhLTExZTYtOGY4OC0zNDM2M2JjN2M0YzAiOnsiY3JlYXRlIjoxODAwMDAwMDAwMDAwLCJkZWxldGUiOjE4MDAwMDAwMDAwMDAsInJlYWQiOjMwMDAwMDAwMDAwMCwidXBkYXRlIjoxODAwMDAwMDAwMDAwfX0=",
          "dependencies": [
            "module.rgroup-n01728463.azurerm_resource_group.rgroup-n01728463"
          ]
        }
      ]
    },
    {
      "module": "module.network-n01728463",
      "mode": "managed",
      "type": "azurerm_subnet",
      "name": "N01728463-SUBNET",
      "provider": "provider[\"registry.terraform.io/hashicorp/azurerm\"]",
      "instances": [
        {
          "schema_version": 0,
          "attributes": {
            "address_prefixes": [
              "10.0.0.0/24"
            ],
            "default_outbound_access_enabled": true,
            "delegation": [],
            "id": "/subscriptions/62231228-794b-4393-8288-16fca540d706/resourceGroups/N01728463-RG/providers/Microsoft.Network/virtualNetworks/N01728463-VNET/subnets/N01728463-SUBNET",
            "name": "N01728463-SUBNET",
            "private_endpoint_network_policies": "Disabled",
            "private_link_service_network_policies_enabled": true,
            "resource_group_name": "N01728463-RG",
            "service_endpoint_policy_ids": [],
            "service_endpoints": [],
            "timeouts": null,
            "virtual_network_name": "N01728463-VNET"
          },
          "sensitive_attributes": [],
          "private": "eyJlMmJmYjczMC1lY2FhLTExZTYtOGY4OC0zNDM2M2JjN2M0YzAiOnsiY3JlYXRlIjoxODAwMDAwMDAwMDAwLCJkZWxldGUiOjE4MDAwMDAwMDAwMDAsInJlYWQiOjMwMDAwMDAwMDAwMCwidXBkYXRlIjoxODAwMDAwMDAwMDAwfX0=",
          "dependencies": [
            "module.network-n01728463.azurerm_virtual_network.N01728463-VNET",
            "module.rgroup-n01728463.azurerm_resource_group.rgroup-n01728463"
          ]
        }
      ]
    },
    {
      "module": "module.network-n01728463",
      "mode": "managed",
      "type": "azurerm_subnet_network_security_group_association",
      "name": "n01728463-association",
      "provider": "provider[\"registry.terraform.io/hashicorp/azurerm\"]",
      "instances": [
        {
          "schema_version": 0,
          "attributes": {
            "id": "/subscriptions/62231228-794b-4393-8288-16fca540d706/resourceGroups/N01728463-RG/providers/Microsoft.Network/virtualNetworks/N01728463-VNET/subnets/N01728463-SUBNET",
            "network_security_group_id": "/subscriptions/62231228-794b-4393-8288-16fca540d706/resourceGroups/N01728463-RG/providers/Microsoft.Network/networkSecurityGroups/network_nsg1",
            "subnet_id": "/subscriptions/62231228-794b-4393-8288-16fca540d706/resourceGroups/N01728463-RG/providers/Microsoft.Network/virtualNetworks/N01728463-VNET/subnets/N01728463-SUBNET",
            "timeouts": null
          },
          "sensitive_attributes": [],
          "private": "eyJlMmJmYjczMC1lY2FhLTExZTYtOGY4OC0zNDM2M2JjN2M0YzAiOnsiY3JlYXRlIjoxODAwMDAwMDAwMDAwLCJkZWxldGUiOjE4MDAwMDAwMDAwMDAsInJlYWQiOjMwMDAwMDAwMDAwMH19",
          "dependencies": [
            "module.network-n01728463.azurerm_network_security_group.N01728463-NSG",
            "module.network-n01728463.azurerm_subnet.N01728463-SUBNET",
            "module.network-n01728463.azurerm_virtual_network.N01728463-VNET",
            "module.rgroup-n01728463.azurerm_resource_group.rgroup-n01728463"
          ]
        }
      ]
    },
    {
      "module": "module.network-n01728463",
      "mode": "managed",
      "type": "azurerm_virtual_network",
      "name": "N01728463-VNET",
      "provider": "provider[\"registry.terraform.io/hashicorp/azurerm\"]",
      "instances": [
        {
          "schema_version": 0,
          "attributes": {
            "address_space": [
              "10.0.0.0/16"
            ],
            "bgp_community": "",
            "ddos_protection_plan": [],
            "dns_servers": [],
            "edge_zone": "",
            "encryption": [],
            "flow_timeout_in_minutes": 0,
            "guid": "9384e4ea-6c3e-490e-921e-004fa2e44b72",
            "id": "/subscriptions/62231228-794b-4393-8288-16fca540d706/resourceGroups/N01728463-RG/providers/Microsoft.Network/virtualNetworks/N01728463-VNET",
            "location": "canadacentral",
            "name": "N01728463-VNET",
            "private_endpoint_vnet_policies": "Disabled",
            "resource_group_name": "N01728463-RG",
            "subnet": [
              {
                "address_prefixes": [
                  "10.0.0.0/24"
                ],
                "default_outbound_access_enabled": true,
                "delegation": [],
                "id": "/subscriptions/62231228-794b-4393-8288-16fca540d706/resourceGroups/N01728463-RG/providers/Microsoft.Network/virtualNetworks/N01728463-VNET/subnets/N01728463-SUBNET",
                "name": "N01728463-SUBNET",
                "private_endpoint_network_policies": "Disabled",
                "private_link_service_network_policies_enabled": true,
                "route_table_id": "",
                "security_group": "/subscriptions/62231228-794b-4393-8288-16fca540d706/resourceGroups/N01728463-RG/providers/Microsoft.Network/networkSecurityGroups/network_nsg1",
                "service_endpoint_policy_ids": [],
                "service_endpoints": []
              }
            ],
            "tags": {},
            "timeouts": null
          },
          "sensitive_attributes": [],
          "private": "eyJlMmJmYjczMC1lY2FhLTExZTYtOGY4OC0zNDM2M2JjN2M0YzAiOnsiY3JlYXRlIjoxODAwMDAwMDAwMDAwLCJkZWxldGUiOjE4MDAwMDAwMDAwMDAsInJlYWQiOjMwMDAwMDAwMDAwMCwidXBkYXRlIjoxODAwMDAwMDAwMDAwfX0=",
          "dependencies": [
            "module.rgroup-n01728463.azurerm_resource_group.rgroup-n01728463"
          ]
        }
      ]
    },
    {
      "module": "module.rgroup-n01728463",
      "mode": "managed",
      "type": "azurerm_resource_group",
      "name": "rgroup-n01728463",
      "provider": "provider[\"registry.terraform.io/hashicorp/azurerm\"]",
      "instances": [
        {
          "schema_version": 0,
          "attributes": {
            "id": "/subscriptions/62231228-794b-4393-8288-16fca540d706/resourceGroups/N01728463-RG",
            "location": "canadacentral",
            "managed_by": "",
            "name": "N01728463-RG",
            "tags": {},
            "timeouts": null
          },
          "sensitive_attributes": [],
          "private": "eyJlMmJmYjczMC1lY2FhLTExZTYtOGY4OC0zNDM2M2JjN2M0YzAiOnsiY3JlYXRlIjo1NDAwMDAwMDAwMDAwLCJkZWxldGUiOjU0MDAwMDAwMDAwMDAsInJlYWQiOjMwMDAwMDAwMDAwMCwidXBkYXRlIjo1NDAwMDAwMDAwMDAwfX0="
        }
      ]
    },
    {
      "module": "module.vmlinux-n01728463",
      "mode": "managed",
      "type": "azurerm_availability_set",
      "name": "linux_avs",
      "provider": "provider[\"registry.terraform.io/hashicorp/azurerm\"]",
      "instances": [
        {
          "schema_version": 0,
          "attributes": {
            "id": "/subscriptions/62231228-794b-4393-8288-16fca540d706/resourceGroups/N01728463-RG/providers/Microsoft.Compute/availabilitySets/linux_avs",
            "location": "canadacentral",
            "managed": true,
            "name": "linux_avs",
            "platform_fault_domain_count": 2,
            "platform_update_domain_count": 5,
            "proximity_placement_group_id": null,
            "resource_group_name": "N01728463-RG",
            "tags": {},
            "timeouts": null
          },
          "sensitive_attributes": [],
          "private": "eyJlMmJmYjczMC1lY2FhLTExZTYtOGY4OC0zNDM2M2JjN2M0YzAiOnsiY3JlYXRlIjoxODAwMDAwMDAwMDAwLCJkZWxldGUiOjE4MDAwMDAwMDAwMDAsInJlYWQiOjMwMDAwMDAwMDAwMCwidXBkYXRlIjoxODAwMDAwMDAwMDAwfX0=",
          "dependencies": [
            "module.rgroup-n01728463.azurerm_resource_group.rgroup-n01728463"
          ]
        }
      ]
    },
    {
      "module": "module.vmlinux-n01728463",
      "mode": "managed",
      "type": "azurerm_linux_virtual_machine",
      "name": "vmlinux",
      "provider": "provider[\"registry.terraform.io/hashicorp/azurerm\"]",
      "instances": [
        {
          "index_key": "n01728463-c-vm1",
          "schema_version": 0,
          "attributes": {
            "additional_capabilities": [],
            "admin_password": null,
            "admin_ssh_key": [
              {
                "public_key": "ssh-rsa AAAAB3NzaC1yc2EAAAADAQABAAABgQCwijniVOA/HH1CNoLCvXebC3ftrCU+XI/GN4yFPWLFZnLfEfDGJu0B4a5act2evk/o/Na0buLU9YRJqRtCMMHX8LB7M6Eoqwl0gZm/hzh5saK7yLcfF3fkwU8ADMvUep6IFFWMmBGsnYDxJlTqdTuPAWmTQ5H6KUnLYH/S3SDOSg3OoP9E8ehU8rSRer0kk5hpOZmH038aVG3BNOQAXNnLFkoo6b/zY0cXnHrnokHJKeptZaHBjjRlgK94NZvex+0QHqGUpjTmmOCIdiRRBezGQH2s069ncZGzWlWHko4SS2MyWdMNzDsQUx+8xEtAPKQ3P8pTNHnzdBqItY/WlYtYDBF3TP3gKm7VthJc1H/BtMkMoPJB/1nm1X6/T0iJuQ9XFqUljz0++Tnpsu1JV6qnfsrLUL09FrsUWVLg8VARVMptFHhyl85lAcUyomwGV9IaqKd4zDr8k4gijNbfmOcmk6a5JP39abprBLgMLDOh5SlBY7fOPDcW0JTU6NuT5gM= n01728463@PC\n",
                "username": "n01728463"
              }
            ],
            "admin_username": "n01728463",
            "allow_extension_operations": true,
            "availability_set_id": "",
            "boot_diagnostics": [
              {
                "storage_account_uri": "https://n01728463storageacct.blob.core.windows.net/"
              }
            ],
            "bypass_platform_safety_checks_on_user_schedule_enabled": false,
            "capacity_reservation_group_id": "",
            "computer_name": "n01728463-c-vm1",
            "custom_data": null,
            "dedicated_host_group_id": "",
            "dedicated_host_id": "",
            "disable_password_authentication": true,
            "disk_controller_type": "",
            "edge_zone": "",
            "encryption_at_host_enabled": false,
            "eviction_policy": "",
            "extensions_time_budget": "PT1H30M",
            "gallery_application": [],
            "id": "/subscriptions/62231228-794b-4393-8288-16fca540d706/resourceGroups/N01728463-RG/providers/Microsoft.Compute/virtualMachines/n01728463-c-vm1",
            "identity": [],
            "license_type": "",
            "location": "canadacentral",
            "max_bid_price": -1,
            "name": "n01728463-c-vm1",
            "network_interface_ids": [
              "/subscriptions/62231228-794b-4393-8288-16fca540d706/resourceGroups/N01728463-RG/providers/Microsoft.Network/networkInterfaces/n01728463-c-vm1-nic"
            ],
            "os_disk": [
              {
                "caching": "ReadWrite",
                "diff_disk_settings": [],
                "disk_encryption_set_id": "",
                "disk_size_gb": 32,
                "id": "/subscriptions/62231228-794b-4393-8288-16fca540d706/resourceGroups/N01728463-RG/providers/Microsoft.Compute/disks/n01728463-c-vm1-os_disk",
                "name": "n01728463-c-vm1-os_disk",
                "secure_vm_disk_encryption_set_id": "",
                "security_encryption_type": "",
                "storage_account_type": "Premium_LRS",
                "write_accelerator_enabled": false
              }
            ],
            "os_image_notification": [],
            "patch_assessment_mode": "ImageDefault",
            "patch_mode": "ImageDefault",
            "plan": [],
            "platform_fault_domain": -1,
            "priority": "Regular",
            "private_ip_address": "10.0.0.5",
            "private_ip_addresses": [
              "10.0.0.5"
            ],
            "provision_vm_agent": true,
            "proximity_placement_group_id": "",
            "public_ip_address": "52.233.27.42",
            "public_ip_addresses": [
              "52.233.27.42"
            ],
            "reboot_setting": "",
            "resource_group_name": "N01728463-RG",
            "secret": [],
            "secure_boot_enabled": false,
            "size": "Standard_B1s",
            "source_image_id": "",
            "source_image_reference": [
              {
                "offer": "CentOS",
                "publisher": "OpenLogic",
                "sku": "8_2",
                "version": "latest"
              }
            ],
            "tags": {
              "Assignment": "CCGC 5502 Automation Assignment",
              "Environment": "Learning",
              "ExpirationDate": "2025-12-31",
              "Name": "foyzer.mondal"
            },
            "termination_notification": [],
            "timeouts": null,
            "user_data": "",
            "virtual_machine_id": "6157236d-5dc6-46ef-9efe-656070bdb2e5",
            "virtual_machine_scale_set_id": "",
            "vm_agent_platform_updates_enabled": false,
            "vtpm_enabled": false,
            "zone": ""
          },
          "sensitive_attributes": [
            [
              {
                "type": "get_attr",
                "value": "admin_password"
              }
            ],
            [
              {
                "type": "get_attr",
                "value": "custom_data"
              }
            ]
          ],
          "private": "eyJlMmJmYjczMC1lY2FhLTExZTYtOGY4OC0zNDM2M2JjN2M0YzAiOnsiY3JlYXRlIjoyNzAwMDAwMDAwMDAwLCJkZWxldGUiOjI3MDAwMDAwMDAwMDAsInJlYWQiOjMwMDAwMDAwMDAwMCwidXBkYXRlIjoyNzAwMDAwMDAwMDAwfX0=",
          "dependencies": [
            "module.common-n01728463.azurerm_storage_account.n01728463-storage-acct",
            "module.network-n01728463.azurerm_subnet.N01728463-SUBNET",
            "module.network-n01728463.azurerm_virtual_network.N01728463-VNET",
            "module.rgroup-n01728463.azurerm_resource_group.rgroup-n01728463",
            "module.vmlinux-n01728463.azurerm_network_interface.linux_nic",
            "module.vmlinux-n01728463.azurerm_public_ip.linux_pip",
            "module.vmlinux-n01728463.random_id.dns_suffix"
          ]
        },
        {
          "index_key": "n01728463-c-vm2",
          "schema_version": 0,
          "attributes": {
            "additional_capabilities": [],
            "admin_password": null,
            "admin_ssh_key": [
              {
                "public_key": "ssh-rsa AAAAB3NzaC1yc2EAAAADAQABAAABgQCwijniVOA/HH1CNoLCvXebC3ftrCU+XI/GN4yFPWLFZnLfEfDGJu0B4a5act2evk/o/Na0buLU9YRJqRtCMMHX8LB7M6Eoqwl0gZm/hzh5saK7yLcfF3fkwU8ADMvUep6IFFWMmBGsnYDxJlTqdTuPAWmTQ5H6KUnLYH/S3SDOSg3OoP9E8ehU8rSRer0kk5hpOZmH038aVG3BNOQAXNnLFkoo6b/zY0cXnHrnokHJKeptZaHBjjRlgK94NZvex+0QHqGUpjTmmOCIdiRRBezGQH2s069ncZGzWlWHko4SS2MyWdMNzDsQUx+8xEtAPKQ3P8pTNHnzdBqItY/WlYtYDBF3TP3gKm7VthJc1H/BtMkMoPJB/1nm1X6/T0iJuQ9XFqUljz0++Tnpsu1JV6qnfsrLUL09FrsUWVLg8VARVMptFHhyl85lAcUyomwGV9IaqKd4zDr8k4gijNbfmOcmk6a5JP39abprBLgMLDOh5SlBY7fOPDcW0JTU6NuT5gM= n01728463@PC\n",
                "username": "n01728463"
              }
            ],
            "admin_username": "n01728463",
            "allow_extension_operations": true,
            "availability_set_id": "",
            "boot_diagnostics": [
              {
                "storage_account_uri": "https://n01728463storageacct.blob.core.windows.net/"
              }
            ],
            "bypass_platform_safety_checks_on_user_schedule_enabled": false,
            "capacity_reservation_group_id": "",
            "computer_name": "n01728463-c-vm2",
            "custom_data": null,
            "dedicated_host_group_id": "",
            "dedicated_host_id": "",
            "disable_password_authentication": true,
            "disk_controller_type": "",
            "edge_zone": "",
            "encryption_at_host_enabled": false,
            "eviction_policy": "",
            "extensions_time_budget": "PT1H30M",
            "gallery_application": [],
            "id": "/subscriptions/62231228-794b-4393-8288-16fca540d706/resourceGroups/N01728463-RG/providers/Microsoft.Compute/virtualMachines/n01728463-c-vm2",
            "identity": [],
            "license_type": "",
            "location": "canadacentral",
            "max_bid_price": -1,
            "name": "n01728463-c-vm2",
            "network_interface_ids": [
              "/subscriptions/62231228-794b-4393-8288-16fca540d706/resourceGroups/N01728463-RG/providers/Microsoft.Network/networkInterfaces/n01728463-c-vm2-nic"
            ],
            "os_disk": [
              {
                "caching": "ReadWrite",
                "diff_disk_settings": [],
                "disk_encryption_set_id": "",
                "disk_size_gb": 32,
                "id": "/subscriptions/62231228-794b-4393-8288-16fca540d706/resourceGroups/N01728463-RG/providers/Microsoft.Compute/disks/n01728463-c-vm2-os_disk",
                "name": "n01728463-c-vm2-os_disk",
                "secure_vm_disk_encryption_set_id": "",
                "security_encryption_type": "",
                "storage_account_type": "Premium_LRS",
                "write_accelerator_enabled": false
              }
            ],
            "os_image_notification": [],
            "patch_assessment_mode": "ImageDefault",
            "patch_mode": "ImageDefault",
            "plan": [],
            "platform_fault_domain": -1,
            "priority": "Regular",
            "private_ip_address": "10.0.0.7",
            "private_ip_addresses": [
              "10.0.0.7"
            ],
            "provision_vm_agent": true,
            "proximity_placement_group_id": "",
            "public_ip_address": "52.233.25.31",
            "public_ip_addresses": [
              "52.233.25.31"
            ],
            "reboot_setting": "",
            "resource_group_name": "N01728463-RG",
            "secret": [],
            "secure_boot_enabled": false,
            "size": "Standard_B1s",
            "source_image_id": "",
            "source_image_reference": [
              {
                "offer": "CentOS",
                "publisher": "OpenLogic",
                "sku": "8_2",
                "version": "latest"
              }
            ],
            "tags": {
              "Assignment": "CCGC 5502 Automation Assignment",
              "Environment": "Learning",
              "ExpirationDate": "2025-12-31",
              "Name": "foyzer.mondal"
            },
            "termination_notification": [],
            "timeouts": null,
            "user_data": "",
            "virtual_machine_id": "1be54c37-497b-42dd-b365-274de4cb4c02",
            "virtual_machine_scale_set_id": "",
            "vm_agent_platform_updates_enabled": false,
            "vtpm_enabled": false,
            "zone": ""
          },
          "sensitive_attributes": [
            [
              {
                "type": "get_attr",
                "value": "admin_password"
              }
            ],
            [
              {
                "type": "get_attr",
                "value": "custom_data"
              }
            ]
          ],
          "private": "eyJlMmJmYjczMC1lY2FhLTExZTYtOGY4OC0zNDM2M2JjN2M0YzAiOnsiY3JlYXRlIjoyNzAwMDAwMDAwMDAwLCJkZWxldGUiOjI3MDAwMDAwMDAwMDAsInJlYWQiOjMwMDAwMDAwMDAwMCwidXBkYXRlIjoyNzAwMDAwMDAwMDAwfX0=",
          "dependencies": [
            "module.common-n01728463.azurerm_storage_account.n01728463-storage-acct",
            "module.network-n01728463.azurerm_subnet.N01728463-SUBNET",
            "module.network-n01728463.azurerm_virtual_network.N01728463-VNET",
            "module.rgroup-n01728463.azurerm_resource_group.rgroup-n01728463",
            "module.vmlinux-n01728463.azurerm_network_interface.linux_nic",
            "module.vmlinux-n01728463.azurerm_public_ip.linux_pip",
            "module.vmlinux-n01728463.random_id.dns_suffix"
          ]
        }
      ]
    },
    {
      "module": "module.vmlinux-n01728463",
      "mode": "managed",
      "type": "azurerm_network_interface",
      "name": "linux_nic",
      "provider": "provider[\"registry.terraform.io/hashicorp/azurerm\"]",
      "instances": [
        {
          "index_key": "n01728463-c-vm1",
          "schema_version": 0,
          "attributes": {
            "accelerated_networking_enabled": false,
            "applied_dns_servers": [],
            "auxiliary_mode": "",
            "auxiliary_sku": "",
            "dns_servers": [],
            "edge_zone": "",
            "id": "/subscriptions/62231228-794b-4393-8288-16fca540d706/resourceGroups/N01728463-RG/providers/Microsoft.Network/networkInterfaces/n01728463-c-vm1-nic",
            "internal_dns_name_label": "",
            "internal_domain_name_suffix": "3lsijez4nqheteq4abh0fzcloc.ux.internal.cloudapp.net",
            "ip_configuration": [
              {
                "gateway_load_balancer_frontend_ip_configuration_id": "",
                "name": "internal",
                "primary": true,
                "private_ip_address": "10.0.0.5",
                "private_ip_address_allocation": "Dynamic",
                "private_ip_address_version": "IPv4",
                "public_ip_address_id": "/subscriptions/62231228-794b-4393-8288-16fca540d706/resourceGroups/N01728463-RG/providers/Microsoft.Network/publicIPAddresses/pip-n01728463-c-vm1",
                "subnet_id": "/subscriptions/62231228-794b-4393-8288-16fca540d706/resourceGroups/N01728463-RG/providers/Microsoft.Network/virtualNetworks/N01728463-VNET/subnets/N01728463-SUBNET"
              }
            ],
            "ip_forwarding_enabled": false,
            "location": "canadacentral",
            "mac_address": "00-22-48-B0-A5-99",
            "name": "n01728463-c-vm1-nic",
            "private_ip_address": "10.0.0.5",
            "private_ip_addresses": [
              "10.0.0.5"
            ],
            "resource_group_name": "N01728463-RG",
            "tags": {},
            "timeouts": null,
            "virtual_machine_id": "/subscriptions/62231228-794b-4393-8288-16fca540d706/resourceGroups/N01728463-RG/providers/Microsoft.Compute/virtualMachines/n01728463-c-vm1"
          },
          "sensitive_attributes": [],
          "private": "eyJlMmJmYjczMC1lY2FhLTExZTYtOGY4OC0zNDM2M2JjN2M0YzAiOnsiY3JlYXRlIjoxODAwMDAwMDAwMDAwLCJkZWxldGUiOjE4MDAwMDAwMDAwMDAsInJlYWQiOjMwMDAwMDAwMDAwMCwidXBkYXRlIjoxODAwMDAwMDAwMDAwfX0=",
          "dependencies": [
            "module.network-n01728463.azurerm_subnet.N01728463-SUBNET",
            "module.network-n01728463.azurerm_virtual_network.N01728463-VNET",
            "module.rgroup-n01728463.azurerm_resource_group.rgroup-n01728463",
            "module.vmlinux-n01728463.azurerm_public_ip.linux_pip",
            "module.vmlinux-n01728463.random_id.dns_suffix"
          ]
        },
        {
          "index_key": "n01728463-c-vm2",
          "schema_version": 0,
          "attributes": {
            "accelerated_networking_enabled": false,
            "applied_dns_servers": [],
            "auxiliary_mode": "",
            "auxiliary_sku": "",
            "dns_servers": [],
            "edge_zone": "",
            "id": "/subscriptions/62231228-794b-4393-8288-16fca540d706/resourceGroups/N01728463-RG/providers/Microsoft.Network/networkInterfaces/n01728463-c-vm2-nic",
            "internal_dns_name_label": "",
            "internal_domain_name_suffix": "3lsijez4nqheteq4abh0fzcloc.ux.internal.cloudapp.net",
            "ip_configuration": [
              {
                "gateway_load_balancer_frontend_ip_configuration_id": "",
                "name": "internal",
                "primary": true,
                "private_ip_address": "10.0.0.7",
                "private_ip_address_allocation": "Dynamic",
                "private_ip_address_version": "IPv4",
                "public_ip_address_id": "/subscriptions/62231228-794b-4393-8288-16fca540d706/resourceGroups/N01728463-RG/providers/Microsoft.Network/publicIPAddresses/pip-n01728463-c-vm2",
                "subnet_id": "/subscriptions/62231228-794b-4393-8288-16fca540d706/resourceGroups/N01728463-RG/providers/Microsoft.Network/virtualNetworks/N01728463-VNET/subnets/N01728463-SUBNET"
              }
            ],
            "ip_forwarding_enabled": false,
            "location": "canadacentral",
            "mac_address": "00-22-48-B0-E1-65",
            "name": "n01728463-c-vm2-nic",
            "private_ip_address": "10.0.0.7",
            "private_ip_addresses": [
              "10.0.0.7"
            ],
            "resource_group_name": "N01728463-RG",
            "tags": {},
            "timeouts": null,
            "virtual_machine_id": "/subscriptions/62231228-794b-4393-8288-16fca540d706/resourceGroups/N01728463-RG/providers/Microsoft.Compute/virtualMachines/n01728463-c-vm2"
          },
          "sensitive_attributes": [],
          "private": "eyJlMmJmYjczMC1lY2FhLTExZTYtOGY4OC0zNDM2M2JjN2M0YzAiOnsiY3JlYXRlIjoxODAwMDAwMDAwMDAwLCJkZWxldGUiOjE4MDAwMDAwMDAwMDAsInJlYWQiOjMwMDAwMDAwMDAwMCwidXBkYXRlIjoxODAwMDAwMDAwMDAwfX0=",
          "dependencies": [
            "module.network-n01728463.azurerm_subnet.N01728463-SUBNET",
            "module.network-n01728463.azurerm_virtual_network.N01728463-VNET",
            "module.rgroup-n01728463.azurerm_resource_group.rgroup-n01728463",
            "module.vmlinux-n01728463.azurerm_public_ip.linux_pip",
            "module.vmlinux-n01728463.random_id.dns_suffix"
          ]
        }
      ]
    },
    {
      "module": "module.vmlinux-n01728463",
      "mode": "managed",
      "type": "azurerm_public_ip",
      "name": "linux_pip",
      "provider": "provider[\"registry.terraform.io/hashicorp/azurerm\"]",
      "instances": [
        {
          "index_key": "n01728463-c-vm1",
          "schema_version": 0,
          "attributes": {
            "allocation_method": "Static",
            "ddos_protection_mode": "VirtualNetworkInherited",
            "ddos_protection_plan_id": null,
            "domain_name_label": "pip-n01728463-c-vm1--427ae2bc",
            "domain_name_label_scope": "",
            "edge_zone": "",
            "fqdn": "pip-n01728463-c-vm1--427ae2bc.canadacentral.cloudapp.azure.com",
            "id": "/subscriptions/62231228-794b-4393-8288-16fca540d706/resourceGroups/N01728463-RG/providers/Microsoft.Network/publicIPAddresses/pip-n01728463-c-vm1",
            "idle_timeout_in_minutes": 4,
            "ip_address": "52.233.27.42",
            "ip_tags": {},
            "ip_version": "IPv4",
            "location": "canadacentral",
            "name": "pip-n01728463-c-vm1",
            "public_ip_prefix_id": null,
            "resource_group_name": "N01728463-RG",
            "reverse_fqdn": "",
            "sku": "Standard",
            "sku_tier": "Regional",
            "tags": {},
            "timeouts": null,
            "zones": []
          },
          "sensitive_attributes": [],
          "private": "eyJlMmJmYjczMC1lY2FhLTExZTYtOGY4OC0zNDM2M2JjN2M0YzAiOnsiY3JlYXRlIjoxODAwMDAwMDAwMDAwLCJkZWxldGUiOjE4MDAwMDAwMDAwMDAsInJlYWQiOjMwMDAwMDAwMDAwMCwidXBkYXRlIjoxODAwMDAwMDAwMDAwfX0=",
          "dependencies": [
            "module.rgroup-n01728463.azurerm_resource_group.rgroup-n01728463",
            "module.vmlinux-n01728463.random_id.dns_suffix"
          ]
        },
        {
          "index_key": "n01728463-c-vm2",
          "schema_version": 0,
          "attributes": {
            "allocation_method": "Static",
            "ddos_protection_mode": "VirtualNetworkInherited",
            "ddos_protection_plan_id": null,
            "domain_name_label": "pip-n01728463-c-vm2--427ae2bc",
            "domain_name_label_scope": "",
            "edge_zone": "",
            "fqdn": "pip-n01728463-c-vm2--427ae2bc.canadacentral.cloudapp.azure.com",
            "id": "/subscriptions/62231228-794b-4393-8288-16fca540d706/resourceGroups/N01728463-RG/providers/Microsoft.Network/publicIPAddresses/pip-n01728463-c-vm2",
            "idle_timeout_in_minutes": 4,
            "ip_address": "52.233.25.31",
            "ip_tags": {},
            "ip_version": "IPv4",
            "location": "canadacentral",
            "name": "pip-n01728463-c-vm2",
            "public_ip_prefix_id": null,
            "resource_group_name": "N01728463-RG",
            "reverse_fqdn": "",
            "sku": "Standard",
            "sku_tier": "Regional",
            "tags": {},
            "timeouts": null,
            "zones": []
          },
          "sensitive_attributes": [],
          "private": "eyJlMmJmYjczMC1lY2FhLTExZTYtOGY4OC0zNDM2M2JjN2M0YzAiOnsiY3JlYXRlIjoxODAwMDAwMDAwMDAwLCJkZWxldGUiOjE4MDAwMDAwMDAwMDAsInJlYWQiOjMwMDAwMDAwMDAwMCwidXBkYXRlIjoxODAwMDAwMDAwMDAwfX0=",
          "dependencies": [
            "module.rgroup-n01728463.azurerm_resource_group.rgroup-n01728463",
            "module.vmlinux-n01728463.random_id.dns_suffix"
          ]
        }
      ]
    },
    {
      "module": "module.vmlinux-n01728463",
      "mode": "managed",
      "type": "azurerm_virtual_machine_extension",
      "name": "AzureMonitorLinuxAgent",
      "provider": "provider[\"registry.terraform.io/hashicorp/azurerm\"]",
      "instances": [
        {
          "index_key": "n01728463-c-vm1",
          "schema_version": 0,
          "attributes": {
            "auto_upgrade_minor_version": false,
            "automatic_upgrade_enabled": false,
            "failure_suppression_enabled": false,
            "id": "/subscriptions/62231228-794b-4393-8288-16fca540d706/resourceGroups/N01728463-RG/providers/Microsoft.Compute/virtualMachines/n01728463-c-vm1/extensions/AzureMonitorLinuxAgent",
            "name": "AzureMonitorLinuxAgent",
            "protected_settings": null,
            "protected_settings_from_key_vault": [],
            "provision_after_extensions": [],
            "publisher": "Microsoft.Azure.Monitor",
            "settings": null,
            "tags": {
              "Assignment": "CCGC 5502 Automation Assignment",
              "Environment": "Learning",
              "ExpirationDate": "2025-12-31",
              "Name": "foyzer.mondal"
            },
            "timeouts": null,
            "type": "AzureMonitorLinuxAgent",
            "type_handler_version": "1.7",
            "virtual_machine_id": "/subscriptions/62231228-794b-4393-8288-16fca540d706/resourceGroups/N01728463-RG/providers/Microsoft.Compute/virtualMachines/n01728463-c-vm1"
          },
          "sensitive_attributes": [
            [
              {
                "type": "get_attr",
                "value": "protected_settings"
              }
            ]
          ],
          "private": "eyJlMmJmYjczMC1lY2FhLTExZTYtOGY4OC0zNDM2M2JjN2M0YzAiOnsiY3JlYXRlIjoxODAwMDAwMDAwMDAwLCJkZWxldGUiOjE4MDAwMDAwMDAwMDAsInJlYWQiOjMwMDAwMDAwMDAwMCwidXBkYXRlIjoxODAwMDAwMDAwMDAwfX0=",
          "dependencies": [
            "module.common-n01728463.azurerm_storage_account.n01728463-storage-acct",
            "module.network-n01728463.azurerm_subnet.N01728463-SUBNET",
            "module.network-n01728463.azurerm_virtual_network.N01728463-VNET",
            "module.rgroup-n01728463.azurerm_resource_group.rgroup-n01728463",
            "module.vmlinux-n01728463.azurerm_linux_virtual_machine.vmlinux",
            "module.vmlinux-n01728463.azurerm_network_interface.linux_nic",
            "module.vmlinux-n01728463.azurerm_public_ip.linux_pip",
            "module.vmlinux-n01728463.random_id.dns_suffix"
          ]
        },
        {
          "index_key": "n01728463-c-vm2",
          "schema_version": 0,
          "attributes": {
            "auto_upgrade_minor_version": false,
            "automatic_upgrade_enabled": false,
            "failure_suppression_enabled": false,
            "id": "/subscriptions/62231228-794b-4393-8288-16fca540d706/resourceGroups/N01728463-RG/providers/Microsoft.Compute/virtualMachines/n01728463-c-vm2/extensions/AzureMonitorLinuxAgent",
            "name": "AzureMonitorLinuxAgent",
            "protected_settings": null,
            "protected_settings_from_key_vault": [],
            "provision_after_extensions": [],
            "publisher": "Microsoft.Azure.Monitor",
            "settings": null,
            "tags": {
              "Assignment": "CCGC 5502 Automation Assignment",
              "Environment": "Learning",
              "ExpirationDate": "2025-12-31",
              "Name": "foyzer.mondal"
            },
            "timeouts": null,
            "type": "AzureMonitorLinuxAgent",
            "type_handler_version": "1.7",
            "virtual_machine_id": "/subscriptions/62231228-794b-4393-8288-16fca540d706/resourceGroups/N01728463-RG/providers/Microsoft.Compute/virtualMachines/n01728463-c-vm2"
          },
          "sensitive_attributes": [
            [
              {
                "type": "get_attr",
                "value": "protected_settings"
              }
            ]
          ],
          "private": "eyJlMmJmYjczMC1lY2FhLTExZTYtOGY4OC0zNDM2M2JjN2M0YzAiOnsiY3JlYXRlIjoxODAwMDAwMDAwMDAwLCJkZWxldGUiOjE4MDAwMDAwMDAwMDAsInJlYWQiOjMwMDAwMDAwMDAwMCwidXBkYXRlIjoxODAwMDAwMDAwMDAwfX0=",
          "dependencies": [
            "module.common-n01728463.azurerm_storage_account.n01728463-storage-acct",
            "module.network-n01728463.azurerm_subnet.N01728463-SUBNET",
            "module.network-n01728463.azurerm_virtual_network.N01728463-VNET",
            "module.rgroup-n01728463.azurerm_resource_group.rgroup-n01728463",
            "module.vmlinux-n01728463.azurerm_linux_virtual_machine.vmlinux",
            "module.vmlinux-n01728463.azurerm_network_interface.linux_nic",
            "module.vmlinux-n01728463.azurerm_public_ip.linux_pip",
            "module.vmlinux-n01728463.random_id.dns_suffix"
          ]
        }
      ]
    },
    {
      "module": "module.vmlinux-n01728463",
      "mode": "managed",
      "type": "azurerm_virtual_machine_extension",
      "name": "NetworkWatcherAgentLinux",
      "provider": "provider[\"registry.terraform.io/hashicorp/azurerm\"]",
      "instances": [
        {
          "index_key": "n01728463-c-vm1",
          "schema_version": 0,
          "attributes": {
            "auto_upgrade_minor_version": false,
            "automatic_upgrade_enabled": false,
            "failure_suppression_enabled": false,
            "id": "/subscriptions/62231228-794b-4393-8288-16fca540d706/resourceGroups/N01728463-RG/providers/Microsoft.Compute/virtualMachines/n01728463-c-vm1/extensions/NetworkWatcherAgentLinux",
            "name": "NetworkWatcherAgentLinux",
            "protected_settings": null,
            "protected_settings_from_key_vault": [],
            "provision_after_extensions": [],
            "publisher": "Microsoft.Azure.NetworkWatcher",
            "settings": null,
            "tags": {
              "Assignment": "CCGC 5502 Automation Assignment",
              "Environment": "Learning",
              "ExpirationDate": "2025-12-31",
              "Name": "foyzer.mondal"
            },
            "timeouts": null,
            "type": "NetworkWatcherAgentLinux",
            "type_handler_version": "1.4",
            "virtual_machine_id": "/subscriptions/62231228-794b-4393-8288-16fca540d706/resourceGroups/N01728463-RG/providers/Microsoft.Compute/virtualMachines/n01728463-c-vm1"
          },
          "sensitive_attributes": [
            [
              {
                "type": "get_attr",
                "value": "protected_settings"
              }
            ]
          ],
          "private": "eyJlMmJmYjczMC1lY2FhLTExZTYtOGY4OC0zNDM2M2JjN2M0YzAiOnsiY3JlYXRlIjoxODAwMDAwMDAwMDAwLCJkZWxldGUiOjE4MDAwMDAwMDAwMDAsInJlYWQiOjMwMDAwMDAwMDAwMCwidXBkYXRlIjoxODAwMDAwMDAwMDAwfX0=",
          "dependencies": [
            "module.common-n01728463.azurerm_storage_account.n01728463-storage-acct",
            "module.network-n01728463.azurerm_subnet.N01728463-SUBNET",
            "module.network-n01728463.azurerm_virtual_network.N01728463-VNET",
            "module.rgroup-n01728463.azurerm_resource_group.rgroup-n01728463",
            "module.vmlinux-n01728463.azurerm_linux_virtual_machine.vmlinux",
            "module.vmlinux-n01728463.azurerm_network_interface.linux_nic",
            "module.vmlinux-n01728463.azurerm_public_ip.linux_pip",
            "module.vmlinux-n01728463.random_id.dns_suffix"
          ]
        },
        {
          "index_key": "n01728463-c-vm2",
          "schema_version": 0,
          "attributes": {
            "auto_upgrade_minor_version": false,
            "automatic_upgrade_enabled": false,
            "failure_suppression_enabled": false,
            "id": "/subscriptions/62231228-794b-4393-8288-16fca540d706/resourceGroups/N01728463-RG/providers/Microsoft.Compute/virtualMachines/n01728463-c-vm2/extensions/NetworkWatcherAgentLinux",
            "name": "NetworkWatcherAgentLinux",
            "protected_settings": null,
            "protected_settings_from_key_vault": [],
            "provision_after_extensions": [],
            "publisher": "Microsoft.Azure.NetworkWatcher",
            "settings": null,
            "tags": {
              "Assignment": "CCGC 5502 Automation Assignment",
              "Environment": "Learning",
              "ExpirationDate": "2025-12-31",
              "Name": "foyzer.mondal"
            },
            "timeouts": null,
            "type": "NetworkWatcherAgentLinux",
            "type_handler_version": "1.4",
            "virtual_machine_id": "/subscriptions/62231228-794b-4393-8288-16fca540d706/resourceGroups/N01728463-RG/providers/Microsoft.Compute/virtualMachines/n01728463-c-vm2"
          },
          "sensitive_attributes": [
            [
              {
                "type": "get_attr",
                "value": "protected_settings"
              }
            ]
          ],
          "private": "eyJlMmJmYjczMC1lY2FhLTExZTYtOGY4OC0zNDM2M2JjN2M0YzAiOnsiY3JlYXRlIjoxODAwMDAwMDAwMDAwLCJkZWxldGUiOjE4MDAwMDAwMDAwMDAsInJlYWQiOjMwMDAwMDAwMDAwMCwidXBkYXRlIjoxODAwMDAwMDAwMDAwfX0=",
          "dependencies": [
            "module.common-n01728463.azurerm_storage_account.n01728463-storage-acct",
            "module.network-n01728463.azurerm_subnet.N01728463-SUBNET",
            "module.network-n01728463.azurerm_virtual_network.N01728463-VNET",
            "module.rgroup-n01728463.azurerm_resource_group.rgroup-n01728463",
            "module.vmlinux-n01728463.azurerm_linux_virtual_machine.vmlinux",
            "module.vmlinux-n01728463.azurerm_network_interface.linux_nic",
            "module.vmlinux-n01728463.azurerm_public_ip.linux_pip",
            "module.vmlinux-n01728463.random_id.dns_suffix"
          ]
        }
      ]
    },
    {
      "module": "module.vmlinux-n01728463",
      "mode": "managed",
      "type": "null_resource",
      "name": "linux_provisioner",
      "provider": "provider[\"registry.terraform.io/hashicorp/null\"]",
      "instances": [
        {
          "index_key": "n01728463-c-vm1",
          "schema_version": 0,
          "attributes": {
            "id": "2570268843179142514",
            "triggers": null
          },
          "sensitive_attributes": [],
          "dependencies": [
            "module.common-n01728463.azurerm_storage_account.n01728463-storage-acct",
            "module.network-n01728463.azurerm_subnet.N01728463-SUBNET",
            "module.network-n01728463.azurerm_virtual_network.N01728463-VNET",
            "module.rgroup-n01728463.azurerm_resource_group.rgroup-n01728463",
            "module.vmlinux-n01728463.azurerm_linux_virtual_machine.vmlinux",
            "module.vmlinux-n01728463.azurerm_network_interface.linux_nic",
            "module.vmlinux-n01728463.azurerm_public_ip.linux_pip",
            "module.vmlinux-n01728463.random_id.dns_suffix"
          ]
        },
        {
          "index_key": "n01728463-c-vm2",
          "schema_version": 0,
          "attributes": {
            "id": "6529948459070691621",
            "triggers": null
          },
          "sensitive_attributes": [],
          "dependencies": [
            "module.common-n01728463.azurerm_storage_account.n01728463-storage-acct",
            "module.network-n01728463.azurerm_subnet.N01728463-SUBNET",
            "module.network-n01728463.azurerm_virtual_network.N01728463-VNET",
            "module.rgroup-n01728463.azurerm_resource_group.rgroup-n01728463",
            "module.vmlinux-n01728463.azurerm_linux_virtual_machine.vmlinux",
            "module.vmlinux-n01728463.azurerm_network_interface.linux_nic",
            "module.vmlinux-n01728463.azurerm_public_ip.linux_pip",
            "module.vmlinux-n01728463.random_id.dns_suffix"
          ]
        }
      ]
    },
    {
      "module": "module.vmlinux-n01728463",
      "mode": "managed",
      "type": "random_id",
      "name": "dns_suffix",
      "provider": "provider[\"registry.terraform.io/hashicorp/random\"]",
      "instances": [
        {
          "schema_version": 0,
          "attributes": {
            "b64_std": "QnrivA==",
            "b64_url": "QnrivA",
            "byte_length": 4,
            "dec": "1115349692",
            "hex": "427ae2bc",
            "id": "QnrivA",
            "keepers": null,
            "prefix": null
          },
          "sensitive_attributes": []
        }
      ]
    },
    {
      "module": "module.vmwindows-n01728463",
      "mode": "managed",
      "type": "azurerm_availability_set",
      "name": "windows_avs",
      "provider": "provider[\"registry.terraform.io/hashicorp/azurerm\"]",
      "instances": [
        {
          "schema_version": 0,
          "attributes": {
            "id": "/subscriptions/62231228-794b-4393-8288-16fca540d706/resourceGroups/N01728463-RG/providers/Microsoft.Compute/availabilitySets/windows-avs",
            "location": "canadacentral",
            "managed": true,
            "name": "windows-avs",
            "platform_fault_domain_count": 2,
            "platform_update_domain_count": 5,
            "proximity_placement_group_id": null,
            "resource_group_name": "N01728463-RG",
            "tags": {
              "Assignment": "CCGC 5502 Automation Assignment",
              "Environment": "Learning",
              "ExpirationDate": "2025-12-31",
              "Name": "foyzer.mondal"
            },
            "timeouts": null
          },
          "sensitive_attributes": [],
          "private": "eyJlMmJmYjczMC1lY2FhLTExZTYtOGY4OC0zNDM2M2JjN2M0YzAiOnsiY3JlYXRlIjoxODAwMDAwMDAwMDAwLCJkZWxldGUiOjE4MDAwMDAwMDAwMDAsInJlYWQiOjMwMDAwMDAwMDAwMCwidXBkYXRlIjoxODAwMDAwMDAwMDAwfX0=",
          "dependencies": [
            "module.rgroup-n01728463.azurerm_resource_group.rgroup-n01728463"
          ]
        }
      ]
    },
    {
      "module": "module.vmwindows-n01728463",
      "mode": "managed",
      "type": "azurerm_network_interface",
      "name": "windows_nic",
      "provider": "provider[\"registry.terraform.io/hashicorp/azurerm\"]",
      "instances": [
        {
          "index_key": 0,
          "schema_version": 0,
          "attributes": {
            "accelerated_networking_enabled": false,
            "applied_dns_servers": [],
            "auxiliary_mode": "",
            "auxiliary_sku": "",
            "dns_servers": [],
            "edge_zone": "",
            "id": "/subscriptions/62231228-794b-4393-8288-16fca540d706/resourceGroups/N01728463-RG/providers/Microsoft.Network/networkInterfaces/n01728463-w-vm1-nic",
            "internal_dns_name_label": "",
            "internal_domain_name_suffix": "3lsijez4nqheteq4abh0fzcloc.ux.internal.cloudapp.net",
            "ip_configuration": [
              {
                "gateway_load_balancer_frontend_ip_configuration_id": "",
                "name": "n01728463-w-vm1-ipconfig",
                "primary": true,
                "private_ip_address": "10.0.0.4",
                "private_ip_address_allocation": "Dynamic",
                "private_ip_address_version": "IPv4",
                "public_ip_address_id": "/subscriptions/62231228-794b-4393-8288-16fca540d706/resourceGroups/N01728463-RG/providers/Microsoft.Network/publicIPAddresses/n01728463-w-vm1-pip",
                "subnet_id": "/subscriptions/62231228-794b-4393-8288-16fca540d706/resourceGroups/N01728463-RG/providers/Microsoft.Network/virtualNetworks/N01728463-VNET/subnets/N01728463-SUBNET"
              }
            ],
            "ip_forwarding_enabled": false,
            "location": "canadacentral",
            "mac_address": "60-45-BD-5C-21-8B",
            "name": "n01728463-w-vm1-nic",
            "private_ip_address": "10.0.0.4",
            "private_ip_addresses": [
              "10.0.0.4"
            ],
            "resource_group_name": "N01728463-RG",
            "tags": {
              "Assignment": "CCGC 5502 Automation Assignment",
              "Environment": "Learning",
              "ExpirationDate": "2025-12-31",
              "Name": "foyzer.mondal"
            },
            "timeouts": null,
            "virtual_machine_id": "/subscriptions/62231228-794b-4393-8288-16fca540d706/resourceGroups/N01728463-RG/providers/Microsoft.Compute/virtualMachines/n01728463-w-vm1"
          },
          "sensitive_attributes": [],
          "private": "eyJlMmJmYjczMC1lY2FhLTExZTYtOGY4OC0zNDM2M2JjN2M0YzAiOnsiY3JlYXRlIjoxODAwMDAwMDAwMDAwLCJkZWxldGUiOjE4MDAwMDAwMDAwMDAsInJlYWQiOjMwMDAwMDAwMDAwMCwidXBkYXRlIjoxODAwMDAwMDAwMDAwfX0=",
          "dependencies": [
            "module.network-n01728463.azurerm_subnet.N01728463-SUBNET",
            "module.network-n01728463.azurerm_virtual_network.N01728463-VNET",
            "module.rgroup-n01728463.azurerm_resource_group.rgroup-n01728463",
            "module.vmwindows-n01728463.azurerm_public_ip.windows_pip"
          ]
        }
      ]
    },
    {
      "module": "module.vmwindows-n01728463",
      "mode": "managed",
      "type": "azurerm_public_ip",
      "name": "windows_pip",
      "provider": "provider[\"registry.terraform.io/hashicorp/azurerm\"]",
      "instances": [
        {
          "index_key": 0,
          "schema_version": 0,
          "attributes": {
            "allocation_method": "Static",
            "ddos_protection_mode": "VirtualNetworkInherited",
            "ddos_protection_plan_id": null,
            "domain_name_label": "n01728463-w-vm1",
            "domain_name_label_scope": "",
            "edge_zone": "",
            "fqdn": "n01728463-w-vm1.canadacentral.cloudapp.azure.com",
            "id": "/subscriptions/62231228-794b-4393-8288-16fca540d706/resourceGroups/N01728463-RG/providers/Microsoft.Network/publicIPAddresses/n01728463-w-vm1-pip",
            "idle_timeout_in_minutes": 4,
            "ip_address": "4.205.157.200",
            "ip_tags": {},
            "ip_version": "IPv4",
            "location": "canadacentral",
            "name": "n01728463-w-vm1-pip",
            "public_ip_prefix_id": null,
            "resource_group_name": "N01728463-RG",
            "reverse_fqdn": "",
            "sku": "Standard",
            "sku_tier": "Regional",
            "tags": {
              "Assignment": "CCGC 5502 Automation Assignment",
              "Environment": "Learning",
              "ExpirationDate": "2025-12-31",
              "Name": "foyzer.mondal"
            },
            "timeouts": null,
            "zones": []
          },
          "sensitive_attributes": [],
          "private": "eyJlMmJmYjczMC1lY2FhLTExZTYtOGY4OC0zNDM2M2JjN2M0YzAiOnsiY3JlYXRlIjoxODAwMDAwMDAwMDAwLCJkZWxldGUiOjE4MDAwMDAwMDAwMDAsInJlYWQiOjMwMDAwMDAwMDAwMCwidXBkYXRlIjoxODAwMDAwMDAwMDAwfX0=",
          "dependencies": [
            "module.rgroup-n01728463.azurerm_resource_group.rgroup-n01728463"
          ]
        }
      ]
    },
    {
      "module": "module.vmwindows-n01728463",
      "mode": "managed",
      "type": "azurerm_windows_virtual_machine",
      "name": "vmwindows",
      "provider": "provider[\"registry.terraform.io/hashicorp/azurerm\"]",
      "instances": [
        {
          "index_key": 0,
          "schema_version": 0,
          "attributes": {
            "additional_capabilities": [],
            "additional_unattend_content": [],
            "admin_password": "Winadm!23",
            "admin_username": "winadm",
            "allow_extension_operations": true,
            "availability_set_id": "/subscriptions/62231228-794b-4393-8288-16fca540d706/resourceGroups/N01728463-RG/providers/Microsoft.Compute/availabilitySets/WINDOWS-AVS",
            "boot_diagnostics": [],
            "bypass_platform_safety_checks_on_user_schedule_enabled": false,
            "capacity_reservation_group_id": "",
            "computer_name": "n01728463-w-vm1",
            "custom_data": null,
            "dedicated_host_group_id": "",
            "dedicated_host_id": "",
            "disk_controller_type": "",
            "edge_zone": "",
            "enable_automatic_updates": true,
            "encryption_at_host_enabled": false,
            "eviction_policy": "",
            "extensions_time_budget": "PT1H30M",
            "gallery_application": [],
            "hotpatching_enabled": false,
            "id": "/subscriptions/62231228-794b-4393-8288-16fca540d706/resourceGroups/N01728463-RG/providers/Microsoft.Compute/virtualMachines/n01728463-w-vm1",
            "identity": [],
            "license_type": "",
            "location": "canadacentral",
            "max_bid_price": -1,
            "name": "n01728463-w-vm1",
            "network_interface_ids": [
              "/subscriptions/62231228-794b-4393-8288-16fca540d706/resourceGroups/N01728463-RG/providers/Microsoft.Network/networkInterfaces/n01728463-w-vm1-nic"
            ],
            "os_disk": [
              {
                "caching": "ReadWrite",
                "diff_disk_settings": [],
                "disk_encryption_set_id": "",
                "disk_size_gb": 128,
                "id": "/subscriptions/62231228-794b-4393-8288-16fca540d706/resourceGroups/N01728463-RG/providers/Microsoft.Compute/disks/n01728463-w-vm1-os-disk",
                "name": "n01728463-w-vm1-os-disk",
                "secure_vm_disk_encryption_set_id": "",
                "security_encryption_type": "",
                "storage_account_type": "Premium_LRS",
                "write_accelerator_enabled": false
              }
            ],
            "os_image_notification": [],
            "patch_assessment_mode": "ImageDefault",
            "patch_mode": "AutomaticByOS",
            "plan": [],
            "platform_fault_domain": -1,
            "priority": "Regular",
            "private_ip_address": "10.0.0.4",
            "private_ip_addresses": [
              "10.0.0.4"
            ],
            "provision_vm_agent": true,
            "proximity_placement_group_id": "",
            "public_ip_address": "4.205.157.200",
            "public_ip_addresses": [
              "4.205.157.200"
            ],
            "reboot_setting": "",
            "resource_group_name": "N01728463-RG",
            "secret": [],
            "secure_boot_enabled": false,
            "size": "Standard_B1s",
            "source_image_id": "",
            "source_image_reference": [
              {
                "offer": "WindowsServer",
                "publisher": "MicrosoftWindowsServer",
                "sku": "2019-Datacenter",
                "version": "latest"
              }
            ],
            "tags": {
              "Assignment": "CCGC 5502 Automation Assignment",
              "Environment": "Learning",
              "ExpirationDate": "2025-12-31",
              "Name": "foyzer.mondal"
            },
            "termination_notification": [],
            "timeouts": null,
            "timezone": "",
            "user_data": "",
            "virtual_machine_id": "afb02d32-303a-478f-9b1d-fb2ead2d3cbf",
            "virtual_machine_scale_set_id": "",
            "vm_agent_platform_updates_enabled": false,
            "vtpm_enabled": false,
            "winrm_listener": [],
            "zone": ""
          },
          "sensitive_attributes": [
            [
              {
                "type": "get_attr",
                "value": "admin_password"
              }
            ],
            [
              {
                "type": "get_attr",
                "value": "custom_data"
              }
            ]
          ],
          "private": "eyJlMmJmYjczMC1lY2FhLTExZTYtOGY4OC0zNDM2M2JjN2M0YzAiOnsiY3JlYXRlIjoyNzAwMDAwMDAwMDAwLCJkZWxldGUiOjI3MDAwMDAwMDAwMDAsInJlYWQiOjMwMDAwMDAwMDAwMCwidXBkYXRlIjoyNzAwMDAwMDAwMDAwfX0=",
          "dependencies": [
            "module.network-n01728463.azurerm_subnet.N01728463-SUBNET",
            "module.network-n01728463.azurerm_virtual_network.N01728463-VNET",
            "module.rgroup-n01728463.azurerm_resource_group.rgroup-n01728463",
            "module.vmwindows-n01728463.azurerm_availability_set.windows_avs",
            "module.vmwindows-n01728463.azurerm_network_interface.windows_nic",
            "module.vmwindows-n01728463.azurerm_public_ip.windows_pip"
          ]
        }
      ]
    }
  ],
  "check_results": null
}
